lockVersion: 2.0.0
id: a0e700a4-3263-4494-abca-a51edefef8d9
management:
  docChecksum: b81108940d7f221167662c4f6b298adf
  docVersion: 1.0.0
  speakeasyVersion: 1.374.2
  generationVersion: 2.401.2
  releaseVersion: 0.3.1
  configChecksum: 3c85ec4290bac331091b51dc971dbaea
  repoURL: https://github.com/speakeasy-sdks/metronome-go-sdk.git
  installationURL: https://github.com/speakeasy-sdks/metronome-go-sdk
features:
  go:
    additionalDependencies: 0.1.0
    core: 3.5.4
    defaultEnabledRetries: 0.2.0
    devContainers: 2.90.0
    envVarSecurityUsage: 0.3.0
    flattening: 2.81.1
    globalSecurity: 2.82.10
    globalSecurityCallbacks: 0.1.0
    globalSecurityFlattening: 0.1.0
    globalServerURLs: 2.82.2
    groups: 2.81.2
    intellisenseMarkdownSupport: 0.1.0
    nameOverrides: 2.81.2
    nullables: 0.1.0
    pagination: 2.82.1
    responseFormat: 0.1.2
    retries: 2.83.0
    sdkHooks: 0.1.0
    tests: 0.3.0
    unions: 2.85.9
generatedFiles:
  - namedschedules.go
  - customers.go
  - invoices.go
  - products.go
  - metronomeratecardsnamedschedules.go
  - ratecards.go
  - metronomenamedschedules.go
  - contracts.go
  - customercommits.go
  - customercredits.go
  - customerbalances.go
  - metronome.go
  - go.mod
  - models/sdkerrors/sdkerror.go
  - retry/config.go
  - types/bigint.go
  - types/date.go
  - types/datetime.go
  - types/decimal.go
  - types/pointers.go
  - internal/utils/contenttype.go
  - internal/utils/form.go
  - internal/utils/headers.go
  - internal/utils/json.go
  - internal/utils/pathparams.go
  - internal/utils/queryparams.go
  - internal/utils/requestbody.go
  - internal/utils/retries.go
  - internal/utils/security.go
  - internal/utils/utils.go
  - tests/customers_test.go
  - tests/namedschedules_test.go
  - tests/invoices_test.go
  - tests/products_test.go
  - tests/ratecards_test.go
  - tests/metronomeratecardsnamedschedules_test.go
  - tests/contracts_test.go
  - tests/metronomenamedschedules_test.go
  - tests/customercommits_test.go
  - tests/customercredits_test.go
  - tests/customerbalances_test.go
  - /models/operations/setcustomerbillablestatus.go
  - /models/operations/getcustomernamedschedule.go
  - /models/operations/updatecustomernamedschedule.go
  - /models/operations/regenerateinvoice.go
  - /models/operations/getproduct.go
  - /models/operations/listproducts.go
  - /models/operations/createproduct.go
  - /models/operations/updateproduct.go
  - /models/operations/archiveproductlistitem.go
  - /models/operations/getrateschedule.go
  - /models/operations/getrates.go
  - /models/operations/getratecard.go
  - /models/operations/listratecards.go
  - /models/operations/createratecard.go
  - /models/operations/updateratecard.go
  - /models/operations/addrate.go
  - /models/operations/addrates.go
  - /models/operations/setratecardproductsorder.go
  - /models/operations/moveratecardproducts.go
  - /models/operations/getratecardnamedschedule.go
  - /models/operations/updateratecardnamedschedule.go
  - /models/operations/disablecommittrueup.go
  - /models/operations/createhistoricalcontractusageinvoices.go
  - /models/operations/getcontractnamedschedule.go
  - /models/operations/updatecontractnamedschedule.go
  - /models/operations/listcustomercommits.go
  - /models/operations/createcustomercommit.go
  - /models/operations/updatecommitenddate.go
  - /models/operations/listcustomercredits.go
  - /models/operations/createcustomercredit.go
  - /models/operations/updatecreditenddate.go
  - /models/operations/listcustomerbalances.go
  - /models/components/httpmetadata.go
  - /models/components/security.go
  - /models/sdkerrors/badrequest.go
  - /models/sdkerrors/notfound.go
  - /models/sdkerrors/disablecommittrueup.go
  - /models/sdkerrors/createhistoricalcontractusageinvoices.go
  - docs/models/operations/billablestatus.md
  - docs/models/operations/setcustomerbillablestatusrequestbody.md
  - docs/models/operations/currentbillablestatus.md
  - docs/models/operations/data.md
  - docs/models/operations/setcustomerbillablestatusresponsebody.md
  - docs/models/operations/setcustomerbillablestatusresponse.md
  - docs/models/operations/getcustomernamedschedulerequestbody.md
  - docs/models/operations/getcustomernamedscheduledata.md
  - docs/models/operations/getcustomernamedscheduleresponsebody.md
  - docs/models/operations/getcustomernamedscheduleresponse.md
  - docs/models/operations/updatecustomernamedschedulerequestbody.md
  - docs/models/operations/updatecustomernamedscheduleresponse.md
  - docs/models/operations/regenerateinvoicerequestbody.md
  - docs/models/operations/regenerateinvoicedata.md
  - docs/models/operations/regenerateinvoiceresponsebody.md
  - docs/models/operations/regenerateinvoiceresponse.md
  - docs/models/operations/getproductrequestbody.md
  - docs/models/operations/getproducttype.md
  - docs/models/operations/getproductproductsresponseoperation.md
  - docs/models/operations/getproductproductsresponsequantityconversion.md
  - docs/models/operations/getproductproductsresponseroundingmethod.md
  - docs/models/operations/getproductproductsresponsequantityrounding.md
  - docs/models/operations/initial.md
  - docs/models/operations/getproductoperation.md
  - docs/models/operations/getproductquantityconversion.md
  - docs/models/operations/getproductroundingmethod.md
  - docs/models/operations/getproductquantityrounding.md
  - docs/models/operations/current.md
  - docs/models/operations/getproductproductsoperation.md
  - docs/models/operations/getproductproductsquantityconversion.md
  - docs/models/operations/getproductproductsroundingmethod.md
  - docs/models/operations/getproductproductsquantityrounding.md
  - docs/models/operations/updates.md
  - docs/models/operations/getproductdata.md
  - docs/models/operations/getproductresponsebody.md
  - docs/models/operations/getproductresponse.md
  - docs/models/operations/archivefilter.md
  - docs/models/operations/listproductsrequestbody.md
  - docs/models/operations/listproductsrequest.md
  - docs/models/operations/listproductstype.md
  - docs/models/operations/listproductsoperation.md
  - docs/models/operations/listproductsquantityconversion.md
  - docs/models/operations/listproductsroundingmethod.md
  - docs/models/operations/listproductsquantityrounding.md
  - docs/models/operations/listproductsinitial.md
  - docs/models/operations/listproductsproductsoperation.md
  - docs/models/operations/listproductsproductsquantityconversion.md
  - docs/models/operations/listproductsproductsroundingmethod.md
  - docs/models/operations/listproductsproductsquantityrounding.md
  - docs/models/operations/listproductscurrent.md
  - docs/models/operations/listproductsproductsresponseoperation.md
  - docs/models/operations/listproductsproductsresponsequantityconversion.md
  - docs/models/operations/listproductsproductsresponseroundingmethod.md
  - docs/models/operations/listproductsproductsresponsequantityrounding.md
  - docs/models/operations/listproductsupdates.md
  - docs/models/operations/listproductsdata.md
  - docs/models/operations/listproductsresponsebody.md
  - docs/models/operations/listproductsresponse.md
  - docs/models/operations/type.md
  - docs/models/operations/operation.md
  - docs/models/operations/quantityconversion.md
  - docs/models/operations/roundingmethod.md
  - docs/models/operations/quantityrounding.md
  - docs/models/operations/createproductrequestbody.md
  - docs/models/operations/createproductdata.md
  - docs/models/operations/createproductresponsebody.md
  - docs/models/operations/createproductresponse.md
  - docs/models/operations/updateproductoperation.md
  - docs/models/operations/updateproductquantityconversion.md
  - docs/models/operations/updateproductroundingmethod.md
  - docs/models/operations/updateproductquantityrounding.md
  - docs/models/operations/updateproductrequestbody.md
  - docs/models/operations/updateproductdata.md
  - docs/models/operations/updateproductresponsebody.md
  - docs/models/operations/updateproductresponse.md
  - docs/models/operations/archiveproductlistitemrequestbody.md
  - docs/models/operations/archiveproductlistitemdata.md
  - docs/models/operations/archiveproductlistitemresponsebody.md
  - docs/models/operations/archiveproductlistitemresponse.md
  - docs/models/operations/selectors.md
  - docs/models/operations/getrateschedulerequestbody.md
  - docs/models/operations/getrateschedulerequest.md
  - docs/models/operations/getratescheduleratecardsratetype.md
  - docs/models/operations/getratescheduleratecardstiers.md
  - docs/models/operations/getratescheduleratecardscredittype.md
  - docs/models/operations/rate.md
  - docs/models/operations/getratescheduleratetype.md
  - docs/models/operations/getratescheduletiers.md
  - docs/models/operations/getrateschedulecredittype.md
  - docs/models/operations/getrateschedulecommitrate.md
  - docs/models/operations/getratescheduledata.md
  - docs/models/operations/getratescheduleresponsebody.md
  - docs/models/operations/getratescheduleresponse.md
  - docs/models/operations/getratesselectors.md
  - docs/models/operations/getratesrequestbody.md
  - docs/models/operations/getratesrequest.md
  - docs/models/operations/getratesratetype.md
  - docs/models/operations/getratestiers.md
  - docs/models/operations/getratescredittype.md
  - docs/models/operations/getratesrate.md
  - docs/models/operations/getratesratecardsratetype.md
  - docs/models/operations/getratesratecardstiers.md
  - docs/models/operations/getratesratecardscredittype.md
  - docs/models/operations/getratescommitrate.md
  - docs/models/operations/getratesdata.md
  - docs/models/operations/getratesresponsebody.md
  - docs/models/operations/getratesresponse.md
  - docs/models/operations/getratecardrequestbody.md
  - docs/models/operations/getratecardratetype.md
  - docs/models/operations/getratecardcredittype.md
  - docs/models/operations/getratecardtiers.md
  - docs/models/operations/getratecardcurrent.md
  - docs/models/operations/getratecardratecardsratetype.md
  - docs/models/operations/getratecardratecardscredittype.md
  - docs/models/operations/getratecardratecardstiers.md
  - docs/models/operations/getratecardratecardsresponseratetype.md
  - docs/models/operations/getratecardratecardsresponsetiers.md
  - docs/models/operations/getratecardratecardsresponsecredittype.md
  - docs/models/operations/getratecardcommitrate.md
  - docs/models/operations/getratecardupdates.md
  - docs/models/operations/ratecardentries.md
  - docs/models/operations/fiatcredittype.md
  - docs/models/operations/customcredittype.md
  - docs/models/operations/getratecardcredittypeconversions.md
  - docs/models/operations/getratecardaliases.md
  - docs/models/operations/getratecarddata.md
  - docs/models/operations/getratecardresponsebody.md
  - docs/models/operations/getratecardresponse.md
  - docs/models/operations/listratecardsrequestbody.md
  - docs/models/operations/listratecardsrequest.md
  - docs/models/operations/listratecardsratetype.md
  - docs/models/operations/listratecardscredittype.md
  - docs/models/operations/listratecardstiers.md
  - docs/models/operations/listratecardscurrent.md
  - docs/models/operations/listratecardsratecardsratetype.md
  - docs/models/operations/listratecardsratecardscredittype.md
  - docs/models/operations/listratecardsratecardstiers.md
  - docs/models/operations/listratecardsratecardsresponseratetype.md
  - docs/models/operations/listratecardsratecardsresponsetiers.md
  - docs/models/operations/listratecardsratecardsresponsecredittype.md
  - docs/models/operations/listratecardscommitrate.md
  - docs/models/operations/listratecardsupdates.md
  - docs/models/operations/listratecardsratecardentries.md
  - docs/models/operations/listratecardsfiatcredittype.md
  - docs/models/operations/listratecardscustomcredittype.md
  - docs/models/operations/listratecardscredittypeconversions.md
  - docs/models/operations/listratecardsaliases.md
  - docs/models/operations/listratecardsdata.md
  - docs/models/operations/listratecardsresponsebody.md
  - docs/models/operations/listratecardsresponse.md
  - docs/models/operations/credittypeconversions.md
  - docs/models/operations/aliases.md
  - docs/models/operations/createratecardrequestbody.md
  - docs/models/operations/createratecarddata.md
  - docs/models/operations/createratecardresponsebody.md
  - docs/models/operations/createratecardresponse.md
  - docs/models/operations/updateratecardaliases.md
  - docs/models/operations/updateratecardrequestbody.md
  - docs/models/operations/updateratecarddata.md
  - docs/models/operations/updateratecardresponsebody.md
  - docs/models/operations/updateratecardresponse.md
  - docs/models/operations/ratetype.md
  - docs/models/operations/tiers.md
  - docs/models/operations/addrateratetype.md
  - docs/models/operations/addratetiers.md
  - docs/models/operations/credittype.md
  - docs/models/operations/commitrate.md
  - docs/models/operations/addraterequestbody.md
  - docs/models/operations/addrateratecardsratetype.md
  - docs/models/operations/addrateratecardstiers.md
  - docs/models/operations/addratecredittype.md
  - docs/models/operations/addrateratecardsresponseratetype.md
  - docs/models/operations/addrateratecardsresponsetiers.md
  - docs/models/operations/addrateratecardscredittype.md
  - docs/models/operations/addratecommitrate.md
  - docs/models/operations/addratedata.md
  - docs/models/operations/addrateresponsebody.md
  - docs/models/operations/addrateresponse.md
  - docs/models/operations/addratesratetype.md
  - docs/models/operations/addratestiers.md
  - docs/models/operations/addratesratecardsratetype.md
  - docs/models/operations/addratesratecardstiers.md
  - docs/models/operations/addratescredittype.md
  - docs/models/operations/addratescommitrate.md
  - docs/models/operations/rates.md
  - docs/models/operations/addratesrequestbody.md
  - docs/models/operations/addratesdata.md
  - docs/models/operations/addratesresponsebody.md
  - docs/models/operations/addratesresponse.md
  - docs/models/operations/setratecardproductsorderrequestbody.md
  - docs/models/operations/setratecardproductsorderdata.md
  - docs/models/operations/setratecardproductsorderresponsebody.md
  - docs/models/operations/setratecardproductsorderresponse.md
  - docs/models/operations/productmoves.md
  - docs/models/operations/moveratecardproductsrequestbody.md
  - docs/models/operations/moveratecardproductsdata.md
  - docs/models/operations/moveratecardproductsresponsebody.md
  - docs/models/operations/moveratecardproductsresponse.md
  - docs/models/operations/getratecardnamedschedulerequestbody.md
  - docs/models/operations/getratecardnamedscheduledata.md
  - docs/models/operations/getratecardnamedscheduleresponsebody.md
  - docs/models/operations/getratecardnamedscheduleresponse.md
  - docs/models/operations/updateratecardnamedschedulerequestbody.md
  - docs/models/operations/updateratecardnamedscheduleresponse.md
  - docs/models/operations/disablecommittrueuprequestbody.md
  - docs/models/operations/disablecommittrueupdata.md
  - docs/models/operations/disablecommittrueupresponsebody.md
  - docs/models/operations/disablecommittrueupresponse.md
  - docs/models/operations/breakdowngranularity.md
  - docs/models/operations/subtotalswithquantity.md
  - docs/models/operations/usagelineitems.md
  - docs/models/operations/createhistoricalcontractusageinvoicesbillablestatus.md
  - docs/models/operations/invoices.md
  - docs/models/operations/createhistoricalcontractusageinvoicesrequestbody.md
  - docs/models/operations/createhistoricalcontractusageinvoicescredittype.md
  - docs/models/operations/createhistoricalcontractusageinvoicescontractscredittype.md
  - docs/models/operations/createhistoricalcontractusageinvoicesinvoiceadjustments.md
  - docs/models/operations/createhistoricalcontractusageinvoicesratetype.md
  - docs/models/operations/createhistoricalcontractusageinvoicestiers.md
  - docs/models/operations/createhistoricalcontractusageinvoicescontractsresponse200credittype.md
  - docs/models/operations/createhistoricalcontractusageinvoiceslistprice.md
  - docs/models/operations/createhistoricalcontractusageinvoicescontractsresponsecredittype.md
  - docs/models/operations/createhistoricalcontractusageinvoicespostpaidcommit.md
  - docs/models/operations/createhistoricalcontractusageinvoicesresellertype.md
  - docs/models/operations/createhistoricalcontractusageinvoicestierperiod.md
  - docs/models/operations/createhistoricalcontractusageinvoicescontractstiers.md
  - docs/models/operations/createhistoricalcontractusageinvoicessublineitems.md
  - docs/models/operations/createhistoricalcontractusageinvoiceslineitems.md
  - docs/models/operations/createhistoricalcontractusageinvoicesbillingprovidertype.md
  - docs/models/operations/createhistoricalcontractusageinvoicesexternalstatus.md
  - docs/models/operations/createhistoricalcontractusageinvoicesexternalinvoice.md
  - docs/models/operations/createhistoricalcontractusageinvoicescontractsbillingprovidertype.md
  - docs/models/operations/createhistoricalcontractusageinvoicescontractsexternalstatus.md
  - docs/models/operations/createhistoricalcontractusageinvoicescorrectedexternalinvoice.md
  - docs/models/operations/createhistoricalcontractusageinvoicescorrectionrecord.md
  - docs/models/operations/createhistoricalcontractusageinvoicescontractsresellertype.md
  - docs/models/operations/createhistoricalcontractusageinvoicesawsoptions.md
  - docs/models/operations/createhistoricalcontractusageinvoicesgcpoptions.md
  - docs/models/operations/createhistoricalcontractusageinvoicesresellerroyalty.md
  - docs/models/operations/createhistoricalcontractusageinvoicescontractsbillablestatus.md
  - docs/models/operations/createhistoricalcontractusageinvoicesdata.md
  - docs/models/operations/createhistoricalcontractusageinvoicesresponsebody.md
  - docs/models/operations/createhistoricalcontractusageinvoicesresponse.md
  - docs/models/operations/getcontractnamedschedulerequestbody.md
  - docs/models/operations/getcontractnamedscheduledata.md
  - docs/models/operations/getcontractnamedscheduleresponsebody.md
  - docs/models/operations/getcontractnamedscheduleresponse.md
  - docs/models/operations/updatecontractnamedschedulerequestbody.md
  - docs/models/operations/updatecontractnamedscheduleresponse.md
  - docs/models/operations/listcustomercommitsrequestbody.md
  - docs/models/operations/contract.md
  - docs/models/operations/listcustomercommitstype.md
  - docs/models/operations/product.md
  - docs/models/operations/listcustomercommitscredittype.md
  - docs/models/operations/listcustomercommitsscheduleitems.md
  - docs/models/operations/listcustomercommitsaccessschedule.md
  - docs/models/operations/listcustomercommitscustomercommitscredittype.md
  - docs/models/operations/listcustomercommitscustomercommitsscheduleitems.md
  - docs/models/operations/listcustomercommitsinvoiceschedule.md
  - docs/models/operations/invoicecontract.md
  - docs/models/operations/rolledoverfrom.md
  - docs/models/operations/listcustomercommitsledgercustomercommitsresponse200applicationjsonresponsebodydata13type.md
  - docs/models/operations/thirteen.md
  - docs/models/operations/listcustomercommitsledgercustomercommitsresponse200applicationjsonresponsebodydata12type.md
  - docs/models/operations/twelve.md
  - docs/models/operations/listcustomercommitsledgercustomercommitsresponse200applicationjsonresponsebodydata11type.md
  - docs/models/operations/eleven.md
  - docs/models/operations/listcustomercommitsledgercustomercommitsresponse200applicationjsonresponsebodydata10type.md
  - docs/models/operations/ten.md
  - docs/models/operations/listcustomercommitsledgercustomercommitsresponse200applicationjsonresponsebodydata9type.md
  - docs/models/operations/nine.md
  - docs/models/operations/listcustomercommitsledgercustomercommitsresponse200applicationjsonresponsebodydatatype.md
  - docs/models/operations/eight.md
  - docs/models/operations/listcustomercommitsledgercustomercommitsresponse200applicationjsonresponsebodytype.md
  - docs/models/operations/seven.md
  - docs/models/operations/listcustomercommitsledgercustomercommitsresponse200applicationjsontype.md
  - docs/models/operations/six.md
  - docs/models/operations/listcustomercommitsledgercustomercommitsresponse200type.md
  - docs/models/operations/five.md
  - docs/models/operations/listcustomercommitsledgercustomercommitsresponsetype.md
  - docs/models/operations/four.md
  - docs/models/operations/listcustomercommitsledgercustomercommitstype.md
  - docs/models/operations/three.md
  - docs/models/operations/listcustomercommitsledgertype.md
  - docs/models/operations/listcustomercommitsledger2.md
  - docs/models/operations/ledgertype.md
  - docs/models/operations/listcustomercommitsledger1.md
  - docs/models/operations/ledger.md
  - docs/models/operations/listcustomercommitsdata.md
  - docs/models/operations/listcustomercommitsresponsebody.md
  - docs/models/operations/listcustomercommitsresponse.md
  - docs/models/operations/createcustomercommittype.md
  - docs/models/operations/createcustomercommitscheduleitems.md
  - docs/models/operations/createcustomercommitaccessschedule.md
  - docs/models/operations/createcustomercommitcustomercommitsscheduleitems.md
  - docs/models/operations/createcustomercommitfrequency.md
  - docs/models/operations/createcustomercommitamountdistribution.md
  - docs/models/operations/createcustomercommitrecurringschedule.md
  - docs/models/operations/createcustomercommitinvoiceschedule.md
  - docs/models/operations/createcustomercommitrequestbody.md
  - docs/models/operations/createcustomercommitdata.md
  - docs/models/operations/createcustomercommitresponsebody.md
  - docs/models/operations/createcustomercommitresponse.md
  - docs/models/operations/updatecommitenddaterequestbody.md
  - docs/models/operations/updatecommitenddatedata.md
  - docs/models/operations/updatecommitenddateresponsebody.md
  - docs/models/operations/updatecommitenddateresponse.md
  - docs/models/operations/listcustomercreditsrequestbody.md
  - docs/models/operations/listcustomercreditscontract.md
  - docs/models/operations/listcustomercreditstype.md
  - docs/models/operations/listcustomercreditsproduct.md
  - docs/models/operations/listcustomercreditscredittype.md
  - docs/models/operations/listcustomercreditsscheduleitems.md
  - docs/models/operations/listcustomercreditsaccessschedule.md
  - docs/models/operations/listcustomercreditsledgercustomercreditsresponse200applicationjsonresponsebodytype.md
  - docs/models/operations/ledger6.md
  - docs/models/operations/listcustomercreditsledgercustomercreditsresponse200applicationjsontype.md
  - docs/models/operations/ledger5.md
  - docs/models/operations/listcustomercreditsledgercustomercreditsresponse200type.md
  - docs/models/operations/ledger4.md
  - docs/models/operations/listcustomercreditsledgercustomercreditsresponsetype.md
  - docs/models/operations/ledger3.md
  - docs/models/operations/listcustomercreditsledgercustomercreditstype.md
  - docs/models/operations/ledger2.md
  - docs/models/operations/listcustomercreditsledgertype.md
  - docs/models/operations/ledger1.md
  - docs/models/operations/listcustomercreditsledger.md
  - docs/models/operations/listcustomercreditsdata.md
  - docs/models/operations/listcustomercreditsresponsebody.md
  - docs/models/operations/listcustomercreditsresponse.md
  - docs/models/operations/createcustomercreditscheduleitems.md
  - docs/models/operations/createcustomercreditaccessschedule.md
  - docs/models/operations/createcustomercreditrequestbody.md
  - docs/models/operations/createcustomercreditdata.md
  - docs/models/operations/createcustomercreditresponsebody.md
  - docs/models/operations/createcustomercreditresponse.md
  - docs/models/operations/updatecreditenddaterequestbody.md
  - docs/models/operations/updatecreditenddatedata.md
  - docs/models/operations/updatecreditenddateresponsebody.md
  - docs/models/operations/updatecreditenddateresponse.md
  - docs/models/operations/listcustomerbalancesrequestbody.md
  - docs/models/operations/listcustomerbalancesdatacontract.md
  - docs/models/operations/listcustomerbalancesdatatype.md
  - docs/models/operations/listcustomerbalancesdataproduct.md
  - docs/models/operations/listcustomerbalancesdatacustomerbalancescredittype.md
  - docs/models/operations/listcustomerbalancesdatacustomerbalancesscheduleitems.md
  - docs/models/operations/listcustomerbalancesdataaccessschedule.md
  - docs/models/operations/listcustomerbalancesledgercustomerbalancesresponse200applicationjsonresponsebodydata26type.md
  - docs/models/operations/listcustomerbalancesledgercustomerbalances6.md
  - docs/models/operations/listcustomerbalancesledgercustomerbalancesresponse200applicationjsonresponsebodydata25type.md
  - docs/models/operations/listcustomerbalancesledgercustomerbalances5.md
  - docs/models/operations/listcustomerbalancesledgercustomerbalancesresponse200applicationjsonresponsebodydata24type.md
  - docs/models/operations/listcustomerbalancesledgercustomerbalances4.md
  - docs/models/operations/listcustomerbalancesledgercustomerbalancesresponse200applicationjsonresponsebodydata23type.md
  - docs/models/operations/listcustomerbalancesledgercustomerbalances3.md
  - docs/models/operations/listcustomerbalancesledgercustomerbalancesresponse200applicationjsonresponsebodydata22type.md
  - docs/models/operations/listcustomerbalancesledgercustomerbalances2.md
  - docs/models/operations/listcustomerbalancesledgercustomerbalancesresponse200applicationjsonresponsebodydata2type.md
  - docs/models/operations/listcustomerbalancesledgercustomerbalances1.md
  - docs/models/operations/listcustomerbalancesdataledger.md
  - docs/models/operations/two.md
  - docs/models/operations/datacontract.md
  - docs/models/operations/datatype.md
  - docs/models/operations/dataproduct.md
  - docs/models/operations/datacredittype.md
  - docs/models/operations/datascheduleitems.md
  - docs/models/operations/dataaccessschedule.md
  - docs/models/operations/listcustomerbalancesdatacredittype.md
  - docs/models/operations/listcustomerbalancesdatascheduleitems.md
  - docs/models/operations/datainvoiceschedule.md
  - docs/models/operations/datainvoicecontract.md
  - docs/models/operations/datarolledoverfrom.md
  - docs/models/operations/listcustomerbalancesledgercustomerbalancesresponse200applicationjsonresponsebodydata113type.md
  - docs/models/operations/ledger13.md
  - docs/models/operations/listcustomerbalancesledgercustomerbalancesresponse200applicationjsonresponsebodydata112type.md
  - docs/models/operations/ledger12.md
  - docs/models/operations/listcustomerbalancesledgercustomerbalancesresponse200applicationjsonresponsebodydata111type.md
  - docs/models/operations/ledger11.md
  - docs/models/operations/listcustomerbalancesledgercustomerbalancesresponse200applicationjsonresponsebodydata110type.md
  - docs/models/operations/ledger10.md
  - docs/models/operations/listcustomerbalancesledgercustomerbalancesresponse200applicationjsonresponsebodydata19type.md
  - docs/models/operations/ledger9.md
  - docs/models/operations/listcustomerbalancesledgercustomerbalancesresponse200applicationjsonresponsebodydata1type.md
  - docs/models/operations/ledger8.md
  - docs/models/operations/listcustomerbalancesledgercustomerbalancesresponse200applicationjsonresponsebodydatatype.md
  - docs/models/operations/ledger7.md
  - docs/models/operations/listcustomerbalancesledgercustomerbalancesresponse200applicationjsonresponsebodytype.md
  - docs/models/operations/listcustomerbalancesledger6.md
  - docs/models/operations/listcustomerbalancesledgercustomerbalancesresponse200applicationjsontype.md
  - docs/models/operations/listcustomerbalancesledger5.md
  - docs/models/operations/listcustomerbalancesledgercustomerbalancesresponse200type.md
  - docs/models/operations/listcustomerbalancesledger4.md
  - docs/models/operations/listcustomerbalancesledgercustomerbalancesresponsetype.md
  - docs/models/operations/listcustomerbalancesledger3.md
  - docs/models/operations/listcustomerbalancesledgercustomerbalancestype.md
  - docs/models/operations/listcustomerbalancesledger2.md
  - docs/models/operations/listcustomerbalancesledgertype.md
  - docs/models/operations/listcustomerbalancesledger1.md
  - docs/models/operations/dataledger.md
  - docs/models/operations/one.md
  - docs/models/operations/listcustomerbalancesdata.md
  - docs/models/operations/listcustomerbalancesresponsebody.md
  - docs/models/operations/listcustomerbalancesresponse.md
  - docs/models/components/httpmetadata.md
  - docs/models/components/security.md
  - docs/models/sdkerrors/badrequest.md
  - docs/models/sdkerrors/notfound.md
  - docs/models/sdkerrors/disablecommittrueupcontractsresponsebody.md
  - docs/models/sdkerrors/disablecommittrueupresponsebody.md
  - docs/models/sdkerrors/createhistoricalcontractusageinvoicesresponsebody.md
  - docs/sdks/metronome/README.md
  - docs/models/operations/option.md
  - docs/sdks/customers/README.md
  - docs/sdks/namedschedules/README.md
  - docs/sdks/invoices/README.md
  - docs/sdks/products/README.md
  - docs/sdks/ratecards/README.md
  - docs/sdks/metronomeratecardsnamedschedules/README.md
  - docs/sdks/contracts/README.md
  - docs/sdks/metronomenamedschedules/README.md
  - docs/sdks/customercommits/README.md
  - docs/sdks/customercredits/README.md
  - docs/sdks/customerbalances/README.md
  - USAGE.md
  - models/operations/options.go
  - .gitattributes
  - .devcontainer/README.md
  - .devcontainer/devcontainer.json
  - .devcontainer/setup.sh
  - internal/hooks/hooks.go
  - CONTRIBUTING.md
