speakeasyVersion: 1.374.2
sources:
    Metronome-OAS:
        sourceNamespace: metronome-oas
        sourceRevisionDigest: sha256:ccc688de5f444d8ff602d70926943810dba7f15aeb71d3d61b244c1381750835
        sourceBlobDigest: sha256:48788aa15187d3fbed7822505ad8670f3cf1655bc8c9e86a1fe5e7805aef1184
        tags:
            - latest
            - main
targets:
    metronome:
        source: Metronome-OAS
        sourceNamespace: metronome-oas
        sourceRevisionDigest: sha256:ccc688de5f444d8ff602d70926943810dba7f15aeb71d3d61b244c1381750835
        sourceBlobDigest: sha256:48788aa15187d3fbed7822505ad8670f3cf1655bc8c9e86a1fe5e7805aef1184
        outLocation: /github/workspace/repo
workflow:
    workflowVersion: 1.0.0
    speakeasyVersion: latest
    sources:
        Metronome-OAS:
            inputs:
                - location: https://api.metronome.com/v1/openapi/contracts.json
            overlays:
                - location: Speakeasy-Suggested-Overlay.yaml
            registry:
                location: registry.speakeasyapi.dev/metronome/metronome/metronome-oas
    targets:
        metronome:
            target: go
            source: Metronome-OAS
