speakeasyVersion: 1.374.2
sources:
    Metronome-OAS:
        sourceNamespace: metronome-oas
        sourceRevisionDigest: sha256:7717c608d5ecc10d8a9795711ffb96bcd313a1c498040eec569fabc79d1cfe05
        sourceBlobDigest: sha256:8472b58d818c7332bb253333a8834928e80f183ebe699d4e9a0249869ec3e912
        tags:
            - latest
            - main
targets:
    metronome:
        source: Metronome-OAS
        sourceNamespace: metronome-oas
        sourceRevisionDigest: sha256:7717c608d5ecc10d8a9795711ffb96bcd313a1c498040eec569fabc79d1cfe05
        sourceBlobDigest: sha256:8472b58d818c7332bb253333a8834928e80f183ebe699d4e9a0249869ec3e912
        outLocation: /github/workspace/repo
workflow:
    workflowVersion: 1.0.0
    speakeasyVersion: latest
    sources:
        Metronome-OAS:
            inputs:
                - location: https://api.metronome.com/v1/openapi/contracts.json
            overlays:
                - location: Speakeasy-Suggested-Overlay.yaml
            registry:
                location: registry.speakeasyapi.dev/metronome/metronome/metronome-oas
    targets:
        metronome:
            target: go
            source: Metronome-OAS
